<?xml version="1.0" encoding="utf-8"?>
<Project ToolsVersion="4.0" xmlns="http://schemas.microsoft.com/developer/msbuild/2003">
  <ItemGroup>
    <Filter Include="00 ImGui.core">
      <UniqueIdentifier>{fb3d294f-51ec-478e-a627-25831c80fefd}</UniqueIdentifier>
    </Filter>
    <Filter Include="00 ImGui.core\00 Resource Files">
      <UniqueIdentifier>{74eb2036-8651-4d45-a888-74e414e70cc9}</UniqueIdentifier>
    </Filter>
    <Filter Include="00 ImGui.core\00 Resource Files\Debugger">
      <UniqueIdentifier>{38f05970-77f5-41f9-8b83-aa9275496b50}</UniqueIdentifier>
    </Filter>
    <Filter Include="00 ImGui.core\01 Header Files">
      <UniqueIdentifier>{11949800-6aa1-4601-b429-668728b5fb38}</UniqueIdentifier>
    </Filter>
    <Filter Include="00 ImGui.core\02 Source Files">
      <UniqueIdentifier>{4dff5e27-40ee-4305-80a1-9b8784fe0dfe}</UniqueIdentifier>
    </Filter>
    <Filter Include="01 Header Files">
      <UniqueIdentifier>{de056f9d-4803-46a2-b27c-7046b8df51c1}</UniqueIdentifier>
    </Filter>
    <Filter Include="02 Source Files">
      <UniqueIdentifier>{c45974de-5a21-4a64-82f3-455b71011f8d}</UniqueIdentifier>
    </Filter>
  </ItemGroup>
  <ItemGroup>
    <ClInclude Include="..\..\imconfig.h">
      <Filter>00 ImGui.core\01 Header Files</Filter>
    </ClInclude>
    <ClInclude Include="..\..\imgui_internal.h">
      <Filter>00 ImGui.core\01 Header Files</Filter>
    </ClInclude>
    <ClInclude Include="..\..\imgui.h">
      <Filter>00 ImGui.core\01 Header Files</Filter>
    </ClInclude>
    <ClInclude Include="..\..\backends\imgui_impl_dx12.h">
      <Filter>01 Header Files</Filter>
    </ClInclude>
    <ClInclude Include="..\..\backends\imgui_impl_win32.h">
      <Filter>01 Header Files</Filter>
    </ClInclude>
  </ItemGroup>
  <ItemGroup>
    <ClCompile Include="..\..\imgui.cpp">
      <Filter>00 ImGui.core\02 Source Files</Filter>
    </ClCompile>
    <ClCompile Include="..\..\imgui_demo.cpp">
      <Filter>00 ImGui.core\02 Source Files</Filter>
    </ClCompile>
    <ClCompile Include="..\..\imgui_draw.cpp">
      <Filter>00 ImGui.core\02 Source Files</Filter>
    </ClCompile>
    <ClCompile Include="..\..\imgui_tables.cpp">
      <Filter>00 ImGui.core\02 Source Files</Filter>
    </ClCompile>
    <ClCompile Include="..\..\imgui_widgets.cpp">
      <Filter>00 ImGui.core\02 Source Files</Filter>
    </ClCompile>
    <ClCompile Include="..\..\backends\imgui_impl_dx12.cpp">
      <Filter>02 Source Files</Filter>
    </ClCompile>
    <ClCompile Include="..\..\backends\imgui_impl_win32.cpp">
      <Filter>02 Source Files</Filter>
    </ClCompile>
    <ClCompile Include="main.cpp">
      <Filter>02 Source Files</Filter>
    </ClCompile>
  </ItemGroup>
  <ItemGroup>
    <None Include="..\README.txt" />
    <None Include="..\..\misc\debuggers\imgui.natstepfilter">
      <Filter>00 ImGui.core\00 Resource Files\Debugger</Filter>
    </None>
  </ItemGroup>
  <ItemGroup>
    <Natvis Include="..\..\misc\debuggers\imgui.natvis">
      <Filter>00 ImGui.core\00 Resource Files\Debugger</Filter>
    </Natvis>
  </ItemGroup>
</Project>